// !$*UTF8*$!
{
	archiveVersion = 1;
	classes = {
	};
	objectVersion = 46;
	objects = {

/* Begin PBXBuildFile section */
		2F7393171E1BC95F00929DB5 /* AppDelegate.swift in Sources */ = {isa = PBXBuildFile; fileRef = 2F7393161E1BC95F00929DB5 /* AppDelegate.swift */; };
		2F7393191E1BC95F00929DB5 /* ViewController.swift in Sources */ = {isa = PBXBuildFile; fileRef = 2F7393181E1BC95F00929DB5 /* ViewController.swift */; };
		2F73931C1E1BC95F00929DB5 /* Main.storyboard in Resources */ = {isa = PBXBuildFile; fileRef = 2F73931A1E1BC95F00929DB5 /* Main.storyboard */; };
		2F73931F1E1BC95F00929DB5 /* VKMusicNew.xcdatamodeld in Sources */ = {isa = PBXBuildFile; fileRef = 2F73931D1E1BC95F00929DB5 /* VKMusicNew.xcdatamodeld */; };
		2F7393211E1BC95F00929DB5 /* Assets.xcassets in Resources */ = {isa = PBXBuildFile; fileRef = 2F7393201E1BC95F00929DB5 /* Assets.xcassets */; };
		2F7393241E1BC95F00929DB5 /* LaunchScreen.storyboard in Resources */ = {isa = PBXBuildFile; fileRef = 2F7393221E1BC95F00929DB5 /* LaunchScreen.storyboard */; };
		2F73932F1E1BC95F00929DB5 /* VKMusicNewTests.swift in Sources */ = {isa = PBXBuildFile; fileRef = 2F73932E1E1BC95F00929DB5 /* VKMusicNewTests.swift */; };
		2F73933A1E1BC95F00929DB5 /* VKMusicNewUITests.swift in Sources */ = {isa = PBXBuildFile; fileRef = 2F7393391E1BC95F00929DB5 /* VKMusicNewUITests.swift */; };
/* End PBXBuildFile section */

/* Begin PBXContainerItemProxy section */
		2F73932B1E1BC95F00929DB5 /* PBXContainerItemProxy */ = {
			isa = PBXContainerItemProxy;
			containerPortal = 2F73930B1E1BC95E00929DB5 /* Project object */;
			proxyType = 1;
			remoteGlobalIDString = 2F7393121E1BC95E00929DB5;
			remoteInfo = VKMusicNew;
		};
		2F7393361E1BC95F00929DB5 /* PBXContainerItemProxy */ = {
			isa = PBXContainerItemProxy;
			containerPortal = 2F73930B1E1BC95E00929DB5 /* Project object */;
			proxyType = 1;
			remoteGlobalIDString = 2F7393121E1BC95E00929DB5;
			remoteInfo = VKMusicNew;
		};
/* End PBXContainerItemProxy section */

/* Begin PBXFileReference section */
		2F7393131E1BC95F00929DB5 /* VKMusicNew.app */ = {isa = PBXFileReference; explicitFileType = wrapper.application; includeInIndex = 0; path = VKMusicNew.app; sourceTree = BUILT_PRODUCTS_DIR; };
		2F7393161E1BC95F00929DB5 /* AppDelegate.swift */ = {isa = PBXFileReference; lastKnownFileType = sourcecode.swift; path = AppDelegate.swift; sourceTree = "<group>"; };
		2F7393181E1BC95F00929DB5 /* ViewController.swift */ = {isa = PBXFileReference; lastKnownFileType = sourcecode.swift; path = ViewController.swift; sourceTree = "<group>"; };
		2F73931B1E1BC95F00929DB5 /* Base */ = {isa = PBXFileReference; lastKnownFileType = file.storyboard; name = Base; path = Base.lproj/Main.storyboard; sourceTree = "<group>"; };
		2F73931E1E1BC95F00929DB5 /* VKMusicNew.xcdatamodel */ = {isa = PBXFileReference; lastKnownFileType = wrapper.xcdatamodel; path = VKMusicNew.xcdatamodel; sourceTree = "<group>"; };
		2F7393201E1BC95F00929DB5 /* Assets.xcassets */ = {isa = PBXFileReference; lastKnownFileType = folder.assetcatalog; path = Assets.xcassets; sourceTree = "<group>"; };
		2F7393231E1BC95F00929DB5 /* Base */ = {isa = PBXFileReference; lastKnownFileType = file.storyboard; name = Base; path = Base.lproj/LaunchScreen.storyboard; sourceTree = "<group>"; };
		2F7393251E1BC95F00929DB5 /* Info.plist */ = {isa = PBXFileReference; lastKnownFileType = text.plist.xml; path = Info.plist; sourceTree = "<group>"; };
		2F73932A1E1BC95F00929DB5 /* VKMusicNewTests.xctest */ = {isa = PBXFileReference; explicitFileType = wrapper.cfbundle; includeInIndex = 0; path = VKMusicNewTests.xctest; sourceTree = BUILT_PRODUCTS_DIR; };
		2F73932E1E1BC95F00929DB5 /* VKMusicNewTests.swift */ = {isa = PBXFileReference; lastKnownFileType = sourcecode.swift; path = VKMusicNewTests.swift; sourceTree = "<group>"; };
		2F7393301E1BC95F00929DB5 /* Info.plist */ = {isa = PBXFileReference; lastKnownFileType = text.plist.xml; path = Info.plist; sourceTree = "<group>"; };
		2F7393351E1BC95F00929DB5 /* VKMusicNewUITests.xctest */ = {isa = PBXFileReference; explicitFileType = wrapper.cfbundle; includeInIndex = 0; path = VKMusicNewUITests.xctest; sourceTree = BUILT_PRODUCTS_DIR; };
		2F7393391E1BC95F00929DB5 /* VKMusicNewUITests.swift */ = {isa = PBXFileReference; lastKnownFileType = sourcecode.swift; path = VKMusicNewUITests.swift; sourceTree = "<group>"; };
		2F73933B1E1BC95F00929DB5 /* Info.plist */ = {isa = PBXFileReference; lastKnownFileType = text.plist.xml; path = Info.plist; sourceTree = "<group>"; };
/* End PBXFileReference section */

/* Begin PBXFrameworksBuildPhase section */
		2F7393101E1BC95E00929DB5 /* Frameworks */ = {
			isa = PBXFrameworksBuildPhase;
			buildActionMask = 2147483647;
			files = (
			);
			runOnlyForDeploymentPostprocessing = 0;
		};
		2F7393271E1BC95F00929DB5 /* Frameworks */ = {
			isa = PBXFrameworksBuildPhase;
			buildActionMask = 2147483647;
			files = (
			);
			runOnlyForDeploymentPostprocessing = 0;
		};
		2F7393321E1BC95F00929DB5 /* Frameworks */ = {
			isa = PBXFrameworksBuildPhase;
			buildActionMask = 2147483647;
			files = (
			);
			runOnlyForDeploymentPostprocessing = 0;
		};
/* End PBXFrameworksBuildPhase section */

/* Begin PBXGroup section */
		2F73930A1E1BC95E00929DB5 = {
			isa = PBXGroup;
			children = (
				2F7393151E1BC95F00929DB5 /* VKMusicNew */,
				2F73932D1E1BC95F00929DB5 /* VKMusicNewTests */,
				2F7393381E1BC95F00929DB5 /* VKMusicNewUITests */,
				2F7393141E1BC95F00929DB5 /* Products */,
			);
			sourceTree = "<group>";
		};
		2F7393141E1BC95F00929DB5 /* Products */ = {
			isa = PBXGroup;
			children = (
				2F7393131E1BC95F00929DB5 /* VKMusicNew.app */,
				2F73932A1E1BC95F00929DB5 /* VKMusicNewTests.xctest */,
				2F7393351E1BC95F00929DB5 /* VKMusicNewUITests.xctest */,
			);
			name = Products;
			sourceTree = "<group>";
		};
		2F7393151E1BC95F00929DB5 /* VKMusicNew */ = {
			isa = PBXGroup;
			children = (
				2F7393161E1BC95F00929DB5 /* AppDelegate.swift */,
				2F7393181E1BC95F00929DB5 /* ViewController.swift */,
				2F73931A1E1BC95F00929DB5 /* Main.storyboard */,
				2F7393201E1BC95F00929DB5 /* Assets.xcassets */,
				2F7393221E1BC95F00929DB5 /* LaunchScreen.storyboard */,
				2F7393251E1BC95F00929DB5 /* Info.plist */,
				2F73931D1E1BC95F00929DB5 /* VKMusicNew.xcdatamodeld */,
			);
			path = VKMusicNew;
			sourceTree = "<group>";
		};
		2F73932D1E1BC95F00929DB5 /* VKMusicNewTests */ = {
			isa = PBXGroup;
			children = (
				2F73932E1E1BC95F00929DB5 /* VKMusicNewTests.swift */,
				2F7393301E1BC95F00929DB5 /* Info.plist */,
			);
			path = VKMusicNewTests;
			sourceTree = "<group>";
		};
		2F7393381E1BC95F00929DB5 /* VKMusicNewUITests */ = {
			isa = PBXGroup;
			children = (
				2F7393391E1BC95F00929DB5 /* VKMusicNewUITests.swift */,
				2F73933B1E1BC95F00929DB5 /* Info.plist */,
			);
			path = VKMusicNewUITests;
			sourceTree = "<group>";
		};
/* End PBXGroup section */

/* Begin PBXNativeTarget section */
		2F7393121E1BC95E00929DB5 /* VKMusicNew */ = {
			isa = PBXNativeTarget;
			buildConfigurationList = 2F73933E1E1BC95F00929DB5 /* Build configuration list for PBXNativeTarget "VKMusicNew" */;
			buildPhases = (
				2F73930F1E1BC95E00929DB5 /* Sources */,
				2F7393101E1BC95E00929DB5 /* Frameworks */,
				2F7393111E1BC95E00929DB5 /* Resources */,
			);
			buildRules = (
			);
			dependencies = (
			);
			name = VKMusicNew;
			productName = VKMusicNew;
			productReference = 2F7393131E1BC95F00929DB5 /* VKMusicNew.app */;
			productType = "com.apple.product-type.application";
		};
		2F7393291E1BC95F00929DB5 /* VKMusicNewTests */ = {
			isa = PBXNativeTarget;
			buildConfigurationList = 2F7393411E1BC95F00929DB5 /* Build configuration list for PBXNativeTarget "VKMusicNewTests" */;
			buildPhases = (
				2F7393261E1BC95F00929DB5 /* Sources */,
				2F7393271E1BC95F00929DB5 /* Frameworks */,
				2F7393281E1BC95F00929DB5 /* Resources */,
			);
			buildRules = (
			);
			dependencies = (
				2F73932C1E1BC95F00929DB5 /* PBXTargetDependency */,
			);
			name = VKMusicNewTests;
			productName = VKMusicNewTests;
			productReference = 2F73932A1E1BC95F00929DB5 /* VKMusicNewTests.xctest */;
			productType = "com.apple.product-type.bundle.unit-test";
		};
		2F7393341E1BC95F00929DB5 /* VKMusicNewUITests */ = {
			isa = PBXNativeTarget;
			buildConfigurationList = 2F7393441E1BC95F00929DB5 /* Build configuration list for PBXNativeTarget "VKMusicNewUITests" */;
			buildPhases = (
				2F7393311E1BC95F00929DB5 /* Sources */,
				2F7393321E1BC95F00929DB5 /* Frameworks */,
				2F7393331E1BC95F00929DB5 /* Resources */,
			);
			buildRules = (
			);
			dependencies = (
				2F7393371E1BC95F00929DB5 /* PBXTargetDependency */,
			);
			name = VKMusicNewUITests;
			productName = VKMusicNewUITests;
			productReference = 2F7393351E1BC95F00929DB5 /* VKMusicNewUITests.xctest */;
			productType = "com.apple.product-type.bundle.ui-testing";
		};
/* End PBXNativeTarget section */

/* Begin PBXProject section */
		2F73930B1E1BC95E00929DB5 /* Project object */ = {
			isa = PBXProject;
			attributes = {
				LastSwiftUpdateCheck = 0820;
				LastUpgradeCheck = 0820;
				ORGANIZATIONNAME = NetSharks;
				TargetAttributes = {
					2F7393121E1BC95E00929DB5 = {
						CreatedOnToolsVersion = 8.2;
						DevelopmentTeam = DSX6W75YR7;
						ProvisioningStyle = Automatic;
					};
					2F7393291E1BC95F00929DB5 = {
						CreatedOnToolsVersion = 8.2;
						DevelopmentTeam = DSX6W75YR7;
						ProvisioningStyle = Automatic;
						TestTargetID = 2F7393121E1BC95E00929DB5;
					};
					2F7393341E1BC95F00929DB5 = {
						CreatedOnToolsVersion = 8.2;
						DevelopmentTeam = DSX6W75YR7;
						ProvisioningStyle = Automatic;
						TestTargetID = 2F7393121E1BC95E00929DB5;
					};
				};
			};
			buildConfigurationList = 2F73930E1E1BC95E00929DB5 /* Build configuration list for PBXProject "VKMusicNew" */;
			compatibilityVersion = "Xcode 3.2";
			developmentRegion = English;
			hasScannedForEncodings = 0;
			knownRegions = (
				en,
				Base,
			);
			mainGroup = 2F73930A1E1BC95E00929DB5;
			productRefGroup = 2F7393141E1BC95F00929DB5 /* Products */;
			projectDirPath = "";
			projectRoot = "";
			targets = (
				2F7393121E1BC95E00929DB5 /* VKMusicNew */,
				2F7393291E1BC95F00929DB5 /* VKMusicNewTests */,
				2F7393341E1BC95F00929DB5 /* VKMusicNewUITests */,
			);
		};
/* End PBXProject section */

/* Begin PBXResourcesBuildPhase section */
		2F7393111E1BC95E00929DB5 /* Resources */ = {
			isa = PBXResourcesBuildPhase;
			buildActionMask = 2147483647;
			files = (
				2F7393241E1BC95F00929DB5 /* LaunchScreen.storyboard in Resources */,
				2F7393211E1BC95F00929DB5 /* Assets.xcassets in Resources */,
				2F73931C1E1BC95F00929DB5 /* Main.storyboard in Resources */,
			);
			runOnlyForDeploymentPostprocessing = 0;
		};
		2F7393281E1BC95F00929DB5 /* Resources */ = {
			isa = PBXResourcesBuildPhase;
			buildActionMask = 2147483647;
			files = (
			);
			runOnlyForDeploymentPostprocessing = 0;
		};
		2F7393331E1BC95F00929DB5 /* Resources */ = {
			isa = PBXResourcesBuildPhase;
			buildActionMask = 2147483647;
			files = (
			);
			runOnlyForDeploymentPostprocessing = 0;
		};
/* End PBXResourcesBuildPhase section */

/* Begin PBXSourcesBuildPhase section */
		2F73930F1E1BC95E00929DB5 /* Sources */ = {
			isa = PBXSourcesBuildPhase;
			buildActionMask = 2147483647;
			files = (
				2F73931F1E1BC95F00929DB5 /* VKMusicNew.xcdatamodeld in Sources */,
				2F7393191E1BC95F00929DB5 /* ViewController.swift in Sources */,
				2F7393171E1BC95F00929DB5 /* AppDelegate.swift in Sources */,
			);
			runOnlyForDeploymentPostprocessing = 0;
		};
		2F7393261E1BC95F00929DB5 /* Sources */ = {
			isa = PBXSourcesBuildPhase;
			buildActionMask = 2147483647;
			files = (
				2F73932F1E1BC95F00929DB5 /* VKMusicNewTests.swift in Sources */,
			);
			runOnlyForDeploymentPostprocessing = 0;
		};
		2F7393311E1BC95F00929DB5 /* Sources */ = {
			isa = PBXSourcesBuildPhase;
			buildActionMask = 2147483647;
			files = (
				2F73933A1E1BC95F00929DB5 /* VKMusicNewUITests.swift in Sources */,
			);
			runOnlyForDeploymentPostprocessing = 0;
		};
/* End PBXSourcesBuildPhase section */

/* Begin PBXTargetDependency section */
		2F73932C1E1BC95F00929DB5 /* PBXTargetDependency */ = {
			isa = PBXTargetDependency;
			target = 2F7393121E1BC95E00929DB5 /* VKMusicNew */;
			targetProxy = 2F73932B1E1BC95F00929DB5 /* PBXContainerItemProxy */;
		};
		2F7393371E1BC95F00929DB5 /* PBXTargetDependency */ = {
			isa = PBXTargetDependency;
			target = 2F7393121E1BC95E00929DB5 /* VKMusicNew */;
			targetProxy = 2F7393361E1BC95F00929DB5 /* PBXContainerItemProxy */;
		};
/* End PBXTargetDependency section */

/* Begin PBXVariantGroup section */
		2F73931A1E1BC95F00929DB5 /* Main.storyboard */ = {
			isa = PBXVariantGroup;
			children = (
				2F73931B1E1BC95F00929DB5 /* Base */,
			);
			name = Main.storyboard;
			sourceTree = "<group>";
		};
		2F7393221E1BC95F00929DB5 /* LaunchScreen.storyboard */ = {
			isa = PBXVariantGroup;
			children = (
				2F7393231E1BC95F00929DB5 /* Base */,
			);
			name = LaunchScreen.storyboard;
			sourceTree = "<group>";
		};
/* End PBXVariantGroup section */

/* Begin XCBuildConfiguration section */
		2F73933C1E1BC95F00929DB5 /* Debug */ = {
			isa = XCBuildConfiguration;
			buildSettings = {
				ALWAYS_SEARCH_USER_PATHS = NO;
				CLANG_ANALYZER_NONNULL = YES;
				CLANG_CXX_LANGUAGE_STANDARD = "gnu++0x";
				CLANG_CXX_LIBRARY = "libc++";
				CLANG_ENABLE_MODULES = YES;
				CLANG_ENABLE_OBJC_ARC = YES;
				CLANG_WARN_BOOL_CONVERSION = YES;
				CLANG_WARN_CONSTANT_CONVERSION = YES;
				CLANG_WARN_DIRECT_OBJC_ISA_USAGE = YES_ERROR;
				CLANG_WARN_DOCUMENTATION_COMMENTS = YES;
				CLANG_WARN_EMPTY_BODY = YES;
				CLANG_WARN_ENUM_CONVERSION = YES;
				CLANG_WARN_INFINITE_RECURSION = YES;
				CLANG_WARN_INT_CONVERSION = YES;
				CLANG_WARN_OBJC_ROOT_CLASS = YES_ERROR;
				CLANG_WARN_SUSPICIOUS_MOVE = YES;
				CLANG_WARN_UNREACHABLE_CODE = YES;
				CLANG_WARN__DUPLICATE_METHOD_MATCH = YES;
				"CODE_SIGN_IDENTITY[sdk=iphoneos*]" = "iPhone Developer";
				COPY_PHASE_STRIP = NO;
				DEBUG_INFORMATION_FORMAT = dwarf;
				ENABLE_STRICT_OBJC_MSGSEND = YES;
				ENABLE_TESTABILITY = YES;
				GCC_C_LANGUAGE_STANDARD = gnu99;
				GCC_DYNAMIC_NO_PIC = NO;
				GCC_NO_COMMON_BLOCKS = YES;
				GCC_OPTIMIZATION_LEVEL = 0;
				GCC_PREPROCESSOR_DEFINITIONS = (
					"DEBUG=1",
					"$(inherited)",
				);
				GCC_WARN_64_TO_32_BIT_CONVERSION = YES;
				GCC_WARN_ABOUT_RETURN_TYPE = YES_ERROR;
				GCC_WARN_UNDECLARED_SELECTOR = YES;
				GCC_WARN_UNINITIALIZED_AUTOS = YES_AGGRESSIVE;
				GCC_WARN_UNUSED_FUNCTION = YES;
				GCC_WARN_UNUSED_VARIABLE = YES;
				IPHONEOS_DEPLOYMENT_TARGET = 10.2;
				MTL_ENABLE_DEBUG_INFO = YES;
				ONLY_ACTIVE_ARCH = YES;
				SDKROOT = iphoneos;
				SWIFT_ACTIVE_COMPILATION_CONDITIONS = DEBUG;
				SWIFT_OPTIMIZATION_LEVEL = "-Onone";
				TARGETED_DEVICE_FAMILY = "1,2";
			};
			name = Debug;
		};
		2F73933D1E1BC95F00929DB5 /* Release */ = {
			isa = XCBuildConfiguration;
			buildSettings = {
				ALWAYS_SEARCH_USER_PATHS = NO;
				CLANG_ANALYZER_NONNULL = YES;
				CLANG_CXX_LANGUAGE_STANDARD = "gnu++0x";
				CLANG_CXX_LIBRARY = "libc++";
				CLANG_ENABLE_MODULES = YES;
				CLANG_ENABLE_OBJC_ARC = YES;
				CLANG_WARN_BOOL_CONVERSION = YES;
				CLANG_WARN_CONSTANT_CONVERSION = YES;
				CLANG_WARN_DIRECT_OBJC_ISA_USAGE = YES_ERROR;
				CLANG_WARN_DOCUMENTATION_COMMENTS = YES;
				CLANG_WARN_EMPTY_BODY = YES;
				CLANG_WARN_ENUM_CONVERSION = YES;
				CLANG_WARN_INFINITE_RECURSION = YES;
				CLANG_WARN_INT_CONVERSION = YES;
				CLANG_WARN_OBJC_ROOT_CLASS = YES_ERROR;
				CLANG_WARN_SUSPICIOUS_MOVE = YES;
				CLANG_WARN_UNREACHABLE_CODE = YES;
				CLANG_WARN__DUPLICATE_METHOD_MATCH = YES;
				"CODE_SIGN_IDENTITY[sdk=iphoneos*]" = "iPhone Developer";
				COPY_PHASE_STRIP = NO;
				DEBUG_INFORMATION_FORMAT = "dwarf-with-dsym";
				ENABLE_NS_ASSERTIONS = NO;
				ENABLE_STRICT_OBJC_MSGSEND = YES;
				GCC_C_LANGUAGE_STANDARD = gnu99;
				GCC_NO_COMMON_BLOCKS = YES;
				GCC_WARN_64_TO_32_BIT_CONVERSION = YES;
				GCC_WARN_ABOUT_RETURN_TYPE = YES_ERROR;
				GCC_WARN_UNDECLARED_SELECTOR = YES;
				GCC_WARN_UNINITIALIZED_AUTOS = YES_AGGRESSIVE;
				GCC_WARN_UNUSED_FUNCTION = YES;
				GCC_WARN_UNUSED_VARIABLE = YES;
				IPHONEOS_DEPLOYMENT_TARGET = 10.2;
				MTL_ENABLE_DEBUG_INFO = NO;
				SDKROOT = iphoneos;
				SWIFT_OPTIMIZATION_LEVEL = "-Owholemodule";
				TARGETED_DEVICE_FAMILY = "1,2";
				VALIDATE_PRODUCT = YES;
			};
			name = Release;
		};
		2F73933F1E1BC95F00929DB5 /* Debug */ = {
			isa = XCBuildConfiguration;
			buildSettings = {
				ASSETCATALOG_COMPILER_APPICON_NAME = AppIcon;
				DEVELOPMENT_TEAM = DSX6W75YR7;
				INFOPLIST_FILE = VKMusicNew/Info.plist;
				LD_RUNPATH_SEARCH_PATHS = "$(inherited) @executable_path/Frameworks";
				PRODUCT_BUNDLE_IDENTIFIER = netsharks.VKMusicNew;
				PRODUCT_NAME = "$(TARGET_NAME)";
				SWIFT_VERSION = 3.0;
			};
			name = Debug;
		};
		2F7393401E1BC95F00929DB5 /* Release */ = {
			isa = XCBuildConfiguration;
			buildSettings = {
				ASSETCATALOG_COMPILER_APPICON_NAME = AppIcon;
				DEVELOPMENT_TEAM = DSX6W75YR7;
				INFOPLIST_FILE = VKMusicNew/Info.plist;
				LD_RUNPATH_SEARCH_PATHS = "$(inherited) @executable_path/Frameworks";
				PRODUCT_BUNDLE_IDENTIFIER = netsharks.VKMusicNew;
				PRODUCT_NAME = "$(TARGET_NAME)";
				SWIFT_VERSION = 3.0;
			};
			name = Release;
		};
		2F7393421E1BC95F00929DB5 /* Debug */ = {
			isa = XCBuildConfiguration;
			buildSettings = {
				ALWAYS_EMBED_SWIFT_STANDARD_LIBRARIES = YES;
				BUNDLE_LOADER = "$(TEST_HOST)";
				DEVELOPMENT_TEAM = DSX6W75YR7;
				INFOPLIST_FILE = VKMusicNewTests/Info.plist;
				LD_RUNPATH_SEARCH_PATHS = "$(inherited) @executable_path/Frameworks @loader_path/Frameworks";
				PRODUCT_BUNDLE_IDENTIFIER = netsharks.VKMusicNewTests;
				PRODUCT_NAME = "$(TARGET_NAME)";
				SWIFT_VERSION = 3.0;
				TEST_HOST = "$(BUILT_PRODUCTS_DIR)/VKMusicNew.app/VKMusicNew";
			};
			name = Debug;
		};
		2F7393431E1BC95F00929DB5 /* Release */ = {
			isa = XCBuildConfiguration;
			buildSettings = {
				ALWAYS_EMBED_SWIFT_STANDARD_LIBRARIES = YES;
				BUNDLE_LOADER = "$(TEST_HOST)";
				DEVELOPMENT_TEAM = DSX6W75YR7;
				INFOPLIST_FILE = VKMusicNewTests/Info.plist;
				LD_RUNPATH_SEARCH_PATHS = "$(inherited) @executable_path/Frameworks @loader_path/Frameworks";
				PRODUCT_BUNDLE_IDENTIFIER = netsharks.VKMusicNewTests;
				PRODUCT_NAME = "$(TARGET_NAME)";
				SWIFT_VERSION = 3.0;
				TEST_HOST = "$(BUILT_PRODUCTS_DIR)/VKMusicNew.app/VKMusicNew";
			};
			name = Release;
		};
		2F7393451E1BC95F00929DB5 /* Debug */ = {
			isa = XCBuildConfiguration;
			buildSettings = {
				ALWAYS_EMBED_SWIFT_STANDARD_LIBRARIES = YES;
				DEVELOPMENT_TEAM = DSX6W75YR7;
				INFOPLIST_FILE = VKMusicNewUITests/Info.plist;
				LD_RUNPATH_SEARCH_PATHS = "$(inherited) @executable_path/Frameworks @loader_path/Frameworks";
				PRODUCT_BUNDLE_IDENTIFIER = netsharks.VKMusicNewUITests;
				PRODUCT_NAME = "$(TARGET_NAME)";
				SWIFT_VERSION = 3.0;
				TEST_TARGET_NAME = VKMusicNew;
			};
			name = Debug;
		};
		2F7393461E1BC95F00929DB5 /* Release */ = {
			isa = XCBuildConfiguration;
			buildSettings = {
				ALWAYS_EMBED_SWIFT_STANDARD_LIBRARIES = YES;
				DEVELOPMENT_TEAM = DSX6W75YR7;
				INFOPLIST_FILE = VKMusicNewUITests/Info.plist;
				LD_RUNPATH_SEARCH_PATHS = "$(inherited) @executable_path/Frameworks @loader_path/Frameworks";
				PRODUCT_BUNDLE_IDENTIFIER = netsharks.VKMusicNewUITests;
				PRODUCT_NAME = "$(TARGET_NAME)";
				SWIFT_VERSION = 3.0;
				TEST_TARGET_NAME = VKMusicNew;
			};
			name = Release;
		};
/* End XCBuildConfiguration section */

/* Begin XCConfigurationList section */
		2F73930E1E1BC95E00929DB5 /* Build configuration list for PBXProject "VKMusicNew" */ = {
			isa = XCConfigurationList;
			buildConfigurations = (
				2F73933C1E1BC95F00929DB5 /* Debug */,
				2F73933D1E1BC95F00929DB5 /* Release */,
			);
			defaultConfigurationIsVisible = 0;
			defaultConfigurationName = Release;
		};
		2F73933E1E1BC95F00929DB5 /* Build configuration list for PBXNativeTarget "VKMusicNew" */ = {
			isa = XCConfigurationList;
			buildConfigurations = (
				2F73933F1E1BC95F00929DB5 /* Debug */,
				2F7393401E1BC95F00929DB5 /* Release */,
			);
			defaultConfigurationIsVisible = 0;
		};
		2F7393411E1BC95F00929DB5 /* Build configuration list for PBXNativeTarget "VKMusicNewTests" */ = {
			isa = XCConfigurationList;
			buildConfigurations = (
				2F7393421E1BC95F00929DB5 /* Debug */,
				2F7393431E1BC95F00929DB5 /* Release */,
			);
			defaultConfigurationIsVisible = 0;
		};
		2F7393441E1BC95F00929DB5 /* Build configuration list for PBXNativeTarget "VKMusicNewUITests" */ = {
			isa = XCConfigurationList;
			buildConfigurations = (
				2F7393451E1BC95F00929DB5 /* Debug */,
				2F7393461E1BC95F00929DB5 /* Release */,
			);
			defaultConfigurationIsVisible = 0;
		};
/* End XCConfigurationList section */

/* Begin XCVersionGroup section */
		2F73931D1E1BC95F00929DB5 /* VKMusicNew.xcdatamodeld */ = {
			isa = XCVersionGroup;
			children = (
				2F73931E1E1BC95F00929DB5 /* VKMusicNew.xcdatamodel */,
			);
			currentVersion = 2F73931E1E1BC95F00929DB5 /* VKMusicNew.xcdatamodel */;
			path = VKMusicNew.xcdatamodeld;
			sourceTree = "<group>";
			versionGroupType = wrapper.xcdatamodel;
		};
/* End XCVersionGroup section */
	};
	rootObject = 2F73930B1E1BC95E00929DB5 /* Project object */;
}
